
Microsoft Visual Studio Solution File, Format Version 12.00
# Visual Studio Version 17
VisualStudioVersion = 17.9.34728.123
MinimumVisualStudioVersion = 10.0.40219.1
Project("{9A19103F-16F7-4668-BE54-9A1E7A4F7556}") = "Ivan.DianPing.V2", "Ivan.DianPing.V2.csproj", "{1BF74349-A4A8-4541-BE66-7DA9797DEA65}"
EndProject
Global
	GlobalSection(SolutionConfigurationPlatforms) = preSolution
		Debug|Any CPU = Debug|Any CPU
		Release|Any CPU = Release|Any CPU
	EndGlobalSection
	GlobalSection(ProjectConfigurationPlatforms) = postSolution
		{1BF74349-A4A8-4541-BE66-7DA9797DEA65}.Debug|Any CPU.ActiveCfg = Debug|Any CPU
		{1BF74349-A4A8-4541-BE66-7DA9797DEA65}.Debug|Any CPU.Build.0 = Debug|Any CPU
		{1BF74349-A4A8-4541-BE66-7DA9797DEA65}.Release|Any CPU.ActiveCfg = Release|Any CPU
		{1BF74349-A4A8-4541-BE66-7DA9797DEA65}.Release|Any CPU.Build.0 = Release|Any CPU
	EndGlobalSection
	GlobalSection(SolutionProperties) = preSolution
		HideSolutionNode = FALSE
	EndGlobalSection
	GlobalSection(ExtensibilityGlobals) = postSolution
		SolutionGuid = {E8F733C8-0FAB-4654-9C51-242ABEE4F43A}
	EndGlobalSection
EndGlobal
